
Microsoft Visual Studio Solution File, Format Version 12.00
# Visual Studio Version 17
VisualStudioVersion = 17.13.35806.99 d17.13
MinimumVisualStudioVersion = 10.0.40219.1
Project("{FAE04EC0-301F-11D3-BF4B-00C04F79EFBC}") = "MyStore2", "MyStore2\MyStore2.csproj", "{0ABBEE53-097A-4216-A1F8-067B165BE0F8}"
EndProject
Global
	GlobalSection(SolutionConfigurationPlatforms) = preSolution
		Debug|Any CPU = Debug|Any CPU
		Release|Any CPU = Release|Any CPU
	EndGlobalSection
	GlobalSection(ProjectConfigurationPlatforms) = postSolution
		{0ABBEE53-097A-4216-A1F8-067B165BE0F8}.Debug|Any CPU.ActiveCfg = Debug|Any CPU
		{0ABBEE53-097A-4216-A1F8-067B165BE0F8}.Debug|Any CPU.Build.0 = Debug|Any CPU
		{0ABBEE53-097A-4216-A1F8-067B165BE0F8}.Release|Any CPU.ActiveCfg = Release|Any CPU
		{0ABBEE53-097A-4216-A1F8-067B165BE0F8}.Release|Any CPU.Build.0 = Release|Any CPU
	EndGlobalSection
	GlobalSection(SolutionProperties) = preSolution
		HideSolutionNode = FALSE
	EndGlobalSection
	GlobalSection(ExtensibilityGlobals) = postSolution
		SolutionGuid = {E9BEBCF4-3390-43A2-9300-E8770404AADA}
	EndGlobalSection
EndGlobal
